dependencies:
  cfscn/esp_lcd_touch_ft6x36:
    component_hash: 19c3660866563c6a7d04c66ffef7099bcb57cd4c4766072bbd99b73762850f9a
    dependencies:
    - name: espressif/esp_lcd_touch
      registry_url: https://components.espressif.com
      require: public
      version: ^1.0.4
    - name: idf
      require: private
      version: '>=4.4.2'
    source:
      registry_url: https://components.espressif.com/
      type: service
    version: 1.0.8
  espressif/cmake_utilities:
    component_hash: 351350613ceafba240b761b4ea991e0f231ac7a9f59a9ee901f751bddc0bb18f
    dependencies:
    - name: idf
      require: private
      version: '>=4.1'
    source:
      registry_url: https://components.espressif.com
      type: service
    version: 0.5.3
  espressif/esp_lcd_ili9341:
    component_hash: 0baab584e0e490511d6bdbae6aa045130424d732ecdaad6cd1d3bd3c0abe2c30
    dependencies:
    - name: espressif/cmake_utilities
      registry_url: https://components.espressif.com
      require: private
      version: 0.*
    - name: idf
      require: private
      version: '>=4.4'
    source:
      registry_url: https://components.espressif.com/
      type: service
    version: 2.0.2
  espressif/esp_lcd_touch:
    component_hash: 3f85a7d95af876f1a6ecca8eb90a81614890d0f03a038390804e5a77e2caf862
    dependencies:
    - name: idf
      require: private
      version: '>=4.4.2'
    source:
      registry_url: https://components.espressif.com
      type: service
    version: 1.2.1
  espressif/esp_lvgl_port:
    component_hash: f872401524cb645ee6ff1c9242d44fb4ddcfd4d37d7be8b9ed3f4e85a404efcd
    dependencies:
    - name: idf
      require: private
      version: '>=5.1'
    - name: lvgl/lvgl
      registry_url: https://components.espressif.com
      require: public
      version: '>=8,<10'
    source:
      registry_url: https://components.espressif.com/
      type: service
    version: 2.7.0
  idf:
    source:
      type: idf
    version: 5.5.2
  lvgl/lvgl:
    component_hash: 17e68bfd21f0edf4c3ee838e2273da840bf3930e5dbc3bfa6c1190c3aed41f9f
    dependencies: []
    source:
      registry_url: https://components.espressif.com/
      type: service
    version: 9.4.0
direct_dependencies:
- cfscn/esp_lcd_touch_ft6x36
- espressif/esp_lcd_ili9341
- espressif/esp_lvgl_port
- lvgl/lvgl
manifest_hash: 3c9d348df19f00c071b6cffd2f2f8593510c77648ca8fa1fd14053ba04819276
target: esp32s3
version: 2.0.0
